{
  "meteor": {},
  "dependencies": {
    "basePackages": {
      "telescope-datalook": {
        "git": "https://github.com/firstchair/telescope-datalook.git",
        "branch": "master"
      },
      "accounts-linkedin": {}
    },
    "packages": {
      "telescope-datalook": {
        "git": "https://github.com/firstchair/telescope-datalook.git",
        "branch": "master",
        "commit": "13fbd2049b9671fbef4b31143aadb1771b6468d3"
      },
      "accounts-linkedin": {
        "git": "https://github.com/yefim/meteor-accounts-linkedin.git",
        "tag": "v0.0.6",
        "commit": "58ae8fc9da845c2eabcacc5cc6a238af6189d19d"
      },
      "linkedin": {
        "git": "https://github.com/yefim/meteor-linkedin.git",
        "tag": "v0.0.2",
        "commit": "c3bac682ea0edd19e58b9172e708f91616888ba0"
      }
    }
  }
}
